<?xml version="1.0" encoding="utf-8"?>
<Project ToolsVersion="4.0" xmlns="http://schemas.microsoft.com/developer/msbuild/2003">
  <ItemGroup>
    <Filter Include="Source Files">
      <UniqueIdentifier>{4FC737F1-C7A5-4376-A066-2A32D752A2FF}</UniqueIdentifier>
      <Extensions>cpp;c;cc;cxx;def;odl;idl;hpj;bat;asm;asmx</Extensions>
    </Filter>
    <Filter Include="Header Files">
      <UniqueIdentifier>{93995380-89BD-4b04-88EB-625FBE52EBFB}</UniqueIdentifier>
      <Extensions>h;hh;hpp;hxx;hm;inl;inc;xsd</Extensions>
    </Filter>
    <Filter Include="Resource Files">
      <UniqueIdentifier>{67DA6AB6-F800-4c08-8B7A-83BB121AAD01}</UniqueIdentifier>
      <Extensions>rc;ico;cur;bmp;dlg;rc2;rct;bin;rgs;gif;jpg;jpeg;jpe;resx;tiff;tif;png;wav;mfcribbon-ms</Extensions>
    </Filter>
  </ItemGroup>
  <ItemGroup>
    <Text Include="ReadMe.txt" />
  </ItemGroup>
  <ItemGroup>
    <ClInclude Include="stdafx.h">
      <Filter>Header Files</Filter>
    </ClInclude>
    <ClInclude Include="targetver.h">
      <Filter>Header Files</Filter>
    </ClInclude>
    <ClInclude Include="benchmark.hpp">
      <Filter>Header Files</Filter>
    </ClInclude>
    <ClInclude Include="bitboard.hpp">
      <Filter>Header Files</Filter>
    </ClInclude>
    <ClInclude Include="book.hpp">
      <Filter>Header Files</Filter>
    </ClInclude>
    <ClInclude Include="color.hpp">
      <Filter>Header Files</Filter>
    </ClInclude>
    <ClInclude Include="common.hpp">
      <Filter>Header Files</Filter>
    </ClInclude>
    <ClInclude Include="evalList.hpp">
      <Filter>Header Files</Filter>
    </ClInclude>
    <ClInclude Include="evaluate.hpp">
      <Filter>Header Files</Filter>
    </ClInclude>
    <ClInclude Include="generateMoves.hpp">
      <Filter>Header Files</Filter>
    </ClInclude>
    <ClInclude Include="hand.hpp">
      <Filter>Header Files</Filter>
    </ClInclude>
    <ClInclude Include="ifdef.hpp">
      <Filter>Header Files</Filter>
    </ClInclude>
    <ClInclude Include="init.hpp">
      <Filter>Header Files</Filter>
    </ClInclude>
    <ClInclude Include="learner.hpp">
      <Filter>Header Files</Filter>
    </ClInclude>
    <ClInclude Include="move.hpp">
      <Filter>Header Files</Filter>
    </ClInclude>
    <ClInclude Include="movePicker.hpp">
      <Filter>Header Files</Filter>
    </ClInclude>
    <ClInclude Include="mt64bit.hpp">
      <Filter>Header Files</Filter>
    </ClInclude>
    <ClInclude Include="overloadEnumOperators.hpp">
      <Filter>Header Files</Filter>
    </ClInclude>
    <ClInclude Include="piece.hpp">
      <Filter>Header Files</Filter>
    </ClInclude>
    <ClInclude Include="pieceScore.hpp">
      <Filter>Header Files</Filter>
    </ClInclude>
    <ClInclude Include="position.hpp">
      <Filter>Header Files</Filter>
    </ClInclude>
    <ClInclude Include="score.hpp">
      <Filter>Header Files</Filter>
    </ClInclude>
    <ClInclude Include="search.hpp">
      <Filter>Header Files</Filter>
    </ClInclude>
    <ClInclude Include="square.hpp">
      <Filter>Header Files</Filter>
    </ClInclude>
    <ClInclude Include="thread.hpp">
      <Filter>Header Files</Filter>
    </ClInclude>
    <ClInclude Include="timeManager.hpp">
      <Filter>Header Files</Filter>
    </ClInclude>
    <ClInclude Include="tt.hpp">
      <Filter>Header Files</Filter>
    </ClInclude>
    <ClInclude Include="usi.hpp">
      <Filter>Header Files</Filter>
    </ClInclude>
  </ItemGroup>
  <ItemGroup>
    <ClCompile Include="stdafx.cpp">
      <Filter>Source Files</Filter>
    </ClCompile>
    <ClCompile Include="Kifuwarapery.cpp">
      <Filter>Source Files</Filter>
    </ClCompile>
    <ClCompile Include="benchmark.cpp">
      <Filter>Source Files</Filter>
    </ClCompile>
    <ClCompile Include="bitboard.cpp">
      <Filter>Source Files</Filter>
    </ClCompile>
    <ClCompile Include="book.cpp">
      <Filter>Source Files</Filter>
    </ClCompile>
    <ClCompile Include="common.cpp">
      <Filter>Source Files</Filter>
    </ClCompile>
    <ClCompile Include="evalList.cpp">
      <Filter>Source Files</Filter>
    </ClCompile>
    <ClCompile Include="evaluate.cpp">
      <Filter>Source Files</Filter>
    </ClCompile>
    <ClCompile Include="generateMoves.cpp">
      <Filter>Source Files</Filter>
    </ClCompile>
    <ClCompile Include="hand.cpp">
      <Filter>Source Files</Filter>
    </ClCompile>
    <ClCompile Include="init.cpp">
      <Filter>Source Files</Filter>
    </ClCompile>
    <ClCompile Include="main.cpp">
      <Filter>Source Files</Filter>
    </ClCompile>
    <ClCompile Include="move.cpp">
      <Filter>Source Files</Filter>
    </ClCompile>
    <ClCompile Include="movePicker.cpp">
      <Filter>Source Files</Filter>
    </ClCompile>
    <ClCompile Include="mt64bit.cpp">
      <Filter>Source Files</Filter>
    </ClCompile>
    <ClCompile Include="pieceScore.cpp">
      <Filter>Source Files</Filter>
    </ClCompile>
    <ClCompile Include="position.cpp">
      <Filter>Source Files</Filter>
    </ClCompile>
    <ClCompile Include="search.cpp">
      <Filter>Source Files</Filter>
    </ClCompile>
    <ClCompile Include="square.cpp">
      <Filter>Source Files</Filter>
    </ClCompile>
    <ClCompile Include="thread.cpp">
      <Filter>Source Files</Filter>
    </ClCompile>
    <ClCompile Include="timeManager.cpp">
      <Filter>Source Files</Filter>
    </ClCompile>
    <ClCompile Include="tt.cpp">
      <Filter>Source Files</Filter>
    </ClCompile>
    <ClCompile Include="usi.cpp">
      <Filter>Source Files</Filter>
    </ClCompile>
  </ItemGroup>
</Project>