<?xml version="1.0" encoding="utf-8"?>
<Project ToolsVersion="4.0" xmlns="http://schemas.microsoft.com/developer/msbuild/2003">
  <ItemGroup>
    <Filter Include="header">
      <UniqueIdentifier>{93995380-89BD-4b04-88EB-625FBE52EBFB}</UniqueIdentifier>
      <Extensions>h;hh;hpp;hxx;hm;inl;inc;xsd</Extensions>
    </Filter>
    <Filter Include="header\n080_common__">
      <UniqueIdentifier>{e0e1793b-1bf4-4e1d-b0bb-65e02c416b83}</UniqueIdentifier>
    </Filter>
    <Filter Include="header\n160_board___">
      <UniqueIdentifier>{7b7d8a2f-48b0-4741-8d05-d4f779029769}</UniqueIdentifier>
    </Filter>
    <Filter Include="header\n280_move____">
      <UniqueIdentifier>{37a80da1-467b-41cc-84a6-871c075668df}</UniqueIdentifier>
    </Filter>
    <Filter Include="header\n400_usi_____">
      <UniqueIdentifier>{696888f0-a298-4c80-9651-2e3f78e27ab1}</UniqueIdentifier>
    </Filter>
    <Filter Include="header\n360_egOption">
      <UniqueIdentifier>{03559da1-325e-40b3-86e8-cea32f1da61b}</UniqueIdentifier>
    </Filter>
    <Filter Include="header\n270_timeMng_">
      <UniqueIdentifier>{d17405d0-df1b-41eb-8c04-83a2914943fa}</UniqueIdentifier>
    </Filter>
    <Filter Include="header\n260_evaluate">
      <UniqueIdentifier>{e910259a-f02f-4ce7-87bf-60338c2c47b8}</UniqueIdentifier>
    </Filter>
    <Filter Include="header\n900_main____">
      <UniqueIdentifier>{dd42631b-4183-489a-a416-f3388e205141}</UniqueIdentifier>
    </Filter>
    <Filter Include="resource">
      <UniqueIdentifier>{67DA6AB6-F800-4c08-8B7A-83BB121AAD01}</UniqueIdentifier>
      <Extensions>rc;ico;cur;bmp;dlg;rc2;rct;bin;rgs;gif;jpg;jpeg;jpe;resx;tiff;tif;png;wav;mfcribbon-ms</Extensions>
    </Filter>
    <Filter Include="source">
      <UniqueIdentifier>{4FC737F1-C7A5-4376-A066-2A32D752A2FF}</UniqueIdentifier>
      <Extensions>cpp;c;cc;cxx;def;odl;idl;hpj;bat;asm;asmx</Extensions>
    </Filter>
    <Filter Include="source\n080_common">
      <UniqueIdentifier>{402fcfcc-1379-4ee1-93c7-83438a227775}</UniqueIdentifier>
    </Filter>
    <Filter Include="source\n160_board___">
      <UniqueIdentifier>{7ca6996e-3e41-4079-bff6-634b0fa58752}</UniqueIdentifier>
    </Filter>
    <Filter Include="source\n280_move____">
      <UniqueIdentifier>{d3ae253d-2733-4e83-8e46-5bba8d5f1097}</UniqueIdentifier>
    </Filter>
    <Filter Include="source\n900_main____">
      <UniqueIdentifier>{e740a81a-9ed3-4c4b-8cd4-0e85d49331d4}</UniqueIdentifier>
    </Filter>
    <Filter Include="source\n400_usi_____">
      <UniqueIdentifier>{65666d01-0eb5-44dc-8663-a4c71889e1a1}</UniqueIdentifier>
    </Filter>
    <Filter Include="source\n360_egOption">
      <UniqueIdentifier>{33c05404-3b57-44c4-9228-d6d3c8baf0bb}</UniqueIdentifier>
    </Filter>
    <Filter Include="source\n270_timeMng_">
      <UniqueIdentifier>{21b60163-171b-446b-a8ee-bfb0adf7b02c}</UniqueIdentifier>
    </Filter>
    <Filter Include="source\n260_evaluate">
      <UniqueIdentifier>{e012ac4c-fcb4-4a48-ae01-0b884d10e0b0}</UniqueIdentifier>
    </Filter>
    <Filter Include="header\n300_book____">
      <UniqueIdentifier>{9398154d-0646-456d-8741-9bdd8a09d72c}</UniqueIdentifier>
    </Filter>
    <Filter Include="source\n300_book____">
      <UniqueIdentifier>{be0669d1-7afc-43e9-ac66-647de8dbdac1}</UniqueIdentifier>
    </Filter>
    <Filter Include="header\n320_searcher">
      <UniqueIdentifier>{0587b6a8-4775-4004-915f-f3f1e17b09a5}</UniqueIdentifier>
    </Filter>
    <Filter Include="source\n320_searcher">
      <UniqueIdentifier>{7a2abed9-850d-4f93-b902-3aeb6a75648a}</UniqueIdentifier>
    </Filter>
    <Filter Include="header\n276_genMove_">
      <UniqueIdentifier>{2310143e-4ceb-409e-ad1e-b27c7e780302}</UniqueIdentifier>
    </Filter>
    <Filter Include="source\n276_genMove_">
      <UniqueIdentifier>{af043c7c-3557-4655-9b9e-62012adf618d}</UniqueIdentifier>
    </Filter>
    <Filter Include="header\n220_position">
      <UniqueIdentifier>{b0c50e85-d48f-4cd2-b43f-19280b6c0932}</UniqueIdentifier>
    </Filter>
    <Filter Include="source\n220_position">
      <UniqueIdentifier>{84cc517c-90ba-43d5-8ca0-a31ef4a63817}</UniqueIdentifier>
    </Filter>
    <Filter Include="header\n105_color___">
      <UniqueIdentifier>{2433db83-ede4-4e53-9bd9-82f69d2a7141}</UniqueIdentifier>
    </Filter>
    <Filter Include="header\n110_square__">
      <UniqueIdentifier>{7d880f53-b182-46fe-82c2-e24174f26675}</UniqueIdentifier>
    </Filter>
    <Filter Include="source\n110_square___">
      <UniqueIdentifier>{e91d9c8d-fc9c-47cd-817b-fd0c84ce0af6}</UniqueIdentifier>
    </Filter>
    <Filter Include="header\n113_piece___">
      <UniqueIdentifier>{888784f3-27a1-44c9-975c-141d36552a64}</UniqueIdentifier>
    </Filter>
    <Filter Include="header\n116_hand____">
      <UniqueIdentifier>{23b824cb-ddf1-4ed7-b976-90817fea480a}</UniqueIdentifier>
    </Filter>
    <Filter Include="source\n116_hand____">
      <UniqueIdentifier>{1af9527b-7b4e-4f09-82c2-336142a783af}</UniqueIdentifier>
    </Filter>
    <Filter Include="header\n111_colorSq_">
      <UniqueIdentifier>{ad69c688-6d89-4ccb-8822-e18ef2b04e06}</UniqueIdentifier>
    </Filter>
    <Filter Include="source\n111_colorSq_">
      <UniqueIdentifier>{900d1854-d547-48c6-a64f-afe20f838870}</UniqueIdentifier>
    </Filter>
    <Filter Include="header\n223_move____">
      <UniqueIdentifier>{a0a085e1-a6b1-4a03-99fe-f40bc7fd1bae}</UniqueIdentifier>
    </Filter>
    <Filter Include="source\n223_move____">
      <UniqueIdentifier>{04934408-75af-4da9-b9c6-26fbedbbda5f}</UniqueIdentifier>
    </Filter>
    <Filter Include="header\n226_movStack">
      <UniqueIdentifier>{707954fe-61d6-4ce8-86dd-f41c027e5cc6}</UniqueIdentifier>
    </Filter>
    <Filter Include="header\n240_tt______">
      <UniqueIdentifier>{70336d3a-1621-46c7-a5af-df631ac9d67a}</UniqueIdentifier>
    </Filter>
    <Filter Include="source\n240_tt______">
      <UniqueIdentifier>{392d096e-0a5e-43a5-b2a7-20115b18425f}</UniqueIdentifier>
    </Filter>
    <Filter Include="header\n119_score___">
      <UniqueIdentifier>{913bd94e-3d3f-4824-95ee-8c4e1c087715}</UniqueIdentifier>
    </Filter>
    <Filter Include="source\n119_score___">
      <UniqueIdentifier>{c514d6ec-9111-441d-840e-179e321ff59e}</UniqueIdentifier>
    </Filter>
  </ItemGroup>
  <ItemGroup>
    <ClInclude Include="stdafx.h">
      <Filter>header</Filter>
    </ClInclude>
    <ClInclude Include="targetver.h">
      <Filter>header</Filter>
    </ClInclude>
    <ClInclude Include="header\n080_common__\n080_150_overloadEnumOperators.hpp">
      <Filter>header\n080_common__</Filter>
    </ClInclude>
    <ClInclude Include="header\n080_common__\n080_100_common.hpp">
      <Filter>header\n080_common__</Filter>
    </ClInclude>
    <ClInclude Include="header\n080_common__\n080_050_ifdef.hpp">
      <Filter>header\n080_common__</Filter>
    </ClInclude>
    <ClInclude Include="header\n280_move____\n280_150_movePicker.hpp">
      <Filter>header\n280_move____</Filter>
    </ClInclude>
    <ClInclude Include="header\n280_move____\n280_200_mt64bit.hpp">
      <Filter>header\n280_move____</Filter>
    </ClInclude>
    <ClInclude Include="header\n400_usi_____\n400_260_usiOperation.hpp">
      <Filter>header\n400_usi_____</Filter>
    </ClInclude>
    <ClInclude Include="header\n400_usi_____\n400_300_benchmark.hpp">
      <Filter>header\n400_usi_____</Filter>
    </ClInclude>
    <ClInclude Include="header\n400_usi_____\n400_350_thread.hpp">
      <Filter>header\n400_usi_____</Filter>
    </ClInclude>
    <ClInclude Include="header\n400_usi_____\n400_400_learner.hpp">
      <Filter>header\n400_usi_____</Filter>
    </ClInclude>
    <ClInclude Include="header\n360_egOption\n360_230_engineOptionable.hpp">
      <Filter>header\n360_egOption</Filter>
    </ClInclude>
    <ClInclude Include="header\n360_egOption\n360_240_engineOptionsMap.hpp">
      <Filter>header\n360_egOption</Filter>
    </ClInclude>
    <ClInclude Include="header\n360_egOption\n360_245_engineOption.hpp">
      <Filter>header\n360_egOption</Filter>
    </ClInclude>
    <ClInclude Include="header\n360_egOption\n360_300_engineOptionSetup.hpp">
      <Filter>header\n360_egOption</Filter>
    </ClInclude>
    <ClInclude Include="header\n270_timeMng_\n270_100_timeManager.hpp">
      <Filter>header\n270_timeMng_</Filter>
    </ClInclude>
    <ClInclude Include="header\n260_evaluate\n260_700_evaluate.hpp">
      <Filter>header\n260_evaluate</Filter>
    </ClInclude>
    <ClInclude Include="header\n160_board___\n160_100_bitboard.hpp">
      <Filter>header\n160_board___</Filter>
    </ClInclude>
    <ClInclude Include="header\n080_common__\n080_200_utilProgram.hpp">
      <Filter>header\n080_common__</Filter>
    </ClInclude>
    <ClInclude Include="header\n080_common__\n080_105_time.hpp">
      <Filter>header\n080_common__</Filter>
    </ClInclude>
    <ClInclude Include="header\n900_main____\n900_300_usiLoop.hpp">
      <Filter>header\n900_main____</Filter>
    </ClInclude>
    <ClInclude Include="header\n900_main____\n900_400_main01.hpp">
      <Filter>header\n900_main____</Filter>
    </ClInclude>
    <ClInclude Include="header\n300_book____\n300_100_book.hpp">
      <Filter>header\n300_book____</Filter>
    </ClInclude>
    <ClInclude Include="header\n320_searcher\n320_125_searchStack.hpp">
      <Filter>header\n320_searcher</Filter>
    </ClInclude>
    <ClInclude Include="header\n320_searcher\n320_128_signalsType.hpp">
      <Filter>header\n320_searcher</Filter>
    </ClInclude>
    <ClInclude Include="header\n320_searcher\n320_131_inaniwaFlag.hpp">
      <Filter>header\n320_searcher</Filter>
    </ClInclude>
    <ClInclude Include="header\n320_searcher\n320_134_bishopInDangerFlag.hpp">
      <Filter>header\n320_searcher</Filter>
    </ClInclude>
    <ClInclude Include="header\n320_searcher\n320_137_rootMove.hpp">
      <Filter>header\n320_searcher</Filter>
    </ClInclude>
    <ClInclude Include="header\n320_searcher\n320_140_stats.hpp">
      <Filter>header\n320_searcher</Filter>
    </ClInclude>
    <ClInclude Include="header\n320_searcher\n320_150_search.hpp">
      <Filter>header\n320_searcher</Filter>
    </ClInclude>
    <ClInclude Include="header\n276_genMove_\n276_100_moveType.hpp">
      <Filter>header\n276_genMove_</Filter>
    </ClInclude>
    <ClInclude Include="header\n276_genMove_\n276_150_moveList.hpp">
      <Filter>header\n276_genMove_</Filter>
    </ClInclude>
    <ClInclude Include="header\n276_genMove_\n276_200_promoteMode.hpp">
      <Filter>header\n276_genMove_</Filter>
    </ClInclude>
    <ClInclude Include="header\n276_genMove_\n276_250_makePromoteMove.hpp">
      <Filter>header\n276_genMove_</Filter>
    </ClInclude>
    <ClInclude Include="header\n260_evaluate\n260_100_evaluateEnum.hpp">
      <Filter>header\n260_evaluate</Filter>
    </ClInclude>
    <ClInclude Include="header\n260_evaluate\n260_300_KPPBoardIndexStartToPiece.hpp">
      <Filter>header\n260_evaluate</Filter>
    </ClInclude>
    <ClInclude Include="header\n260_evaluate\n260_400_EvaluaterBase.hpp">
      <Filter>header\n260_evaluate</Filter>
    </ClInclude>
    <ClInclude Include="header\n260_evaluate\n260_600_EvalSum.hpp">
      <Filter>header\n260_evaluate</Filter>
    </ClInclude>
    <ClInclude Include="header\n260_evaluate\n260_500_evalStorage.hpp">
      <Filter>header\n260_evaluate</Filter>
    </ClInclude>
    <ClInclude Include="header\n260_evaluate\n260_490_KppCacheIo.hpp">
      <Filter>header\n260_evaluate</Filter>
    </ClInclude>
    <ClInclude Include="header\n220_position\n220_100_repetitionType.hpp">
      <Filter>header\n220_position</Filter>
    </ClInclude>
    <ClInclude Include="header\n220_position\n220_150_checkInfo.hpp">
      <Filter>header\n220_position</Filter>
    </ClInclude>
    <ClInclude Include="header\n220_position\n220_200_changedListPair.hpp">
      <Filter>header\n220_position</Filter>
    </ClInclude>
    <ClInclude Include="header\n220_position\n220_250_changedLists.hpp">
      <Filter>header\n220_position</Filter>
    </ClInclude>
    <ClInclude Include="header\n220_position\n220_300_stateInfoMin.hpp">
      <Filter>header\n220_position</Filter>
    </ClInclude>
    <ClInclude Include="header\n220_position\n220_350_stateInfo.hpp">
      <Filter>header\n220_position</Filter>
    </ClInclude>
    <ClInclude Include="header\n220_position\n220_500_charToPieceUSI.hpp">
      <Filter>header\n220_position</Filter>
    </ClInclude>
    <ClInclude Include="header\n105_color___\n105_100_color.hpp">
      <Filter>header\n105_color___</Filter>
    </ClInclude>
    <ClInclude Include="header\n105_color___\n105_500_utilColor.hpp">
      <Filter>header\n105_color___</Filter>
    </ClInclude>
    <ClInclude Include="header\n110_square__\n110_100_square.hpp">
      <Filter>header\n110_square__</Filter>
    </ClInclude>
    <ClInclude Include="header\n110_square__\n110_150_file.hpp">
      <Filter>header\n110_square__</Filter>
    </ClInclude>
    <ClInclude Include="header\n110_square__\n110_200_rank.hpp">
      <Filter>header\n110_square__</Filter>
    </ClInclude>
    <ClInclude Include="header\n110_square__\n110_250_squareDelta.hpp">
      <Filter>header\n110_square__</Filter>
    </ClInclude>
    <ClInclude Include="header\n110_square__\n110_300_direction.hpp">
      <Filter>header\n110_square__</Filter>
    </ClInclude>
    <ClInclude Include="header\n110_square__\n110_500_utilSquare.hpp">
      <Filter>header\n110_square__</Filter>
    </ClInclude>
    <ClInclude Include="header\n110_square__\n110_155_utilFile.hpp">
      <Filter>header\n110_square__</Filter>
    </ClInclude>
    <ClInclude Include="header\n110_square__\n110_205_utilRank.hpp">
      <Filter>header\n110_square__</Filter>
    </ClInclude>
    <ClInclude Include="header\n113_piece___\n113_100_pieceType.hpp">
      <Filter>header\n113_piece___</Filter>
    </ClInclude>
    <ClInclude Include="header\n113_piece___\n113_150_piece.hpp">
      <Filter>header\n113_piece___</Filter>
    </ClInclude>
    <ClInclude Include="header\n113_piece___\n113_155_utilPiece.hpp">
      <Filter>header\n113_piece___</Filter>
    </ClInclude>
    <ClInclude Include="header\n113_piece___\n113_105_utilPieceType.hpp">
      <Filter>header\n113_piece___</Filter>
    </ClInclude>
    <ClInclude Include="header\n113_piece___\n113_200_handPiece.hpp">
      <Filter>header\n113_piece___</Filter>
    </ClInclude>
    <ClInclude Include="header\n113_piece___\n113_205_utilHandPiece.hpp">
      <Filter>header\n113_piece___</Filter>
    </ClInclude>
    <ClInclude Include="header\n116_hand____\n116_500_hand.hpp">
      <Filter>header\n116_hand____</Filter>
    </ClInclude>
    <ClInclude Include="header\n111_colorSq_\n111_500_ColorFileRank.h">
      <Filter>header\n111_colorSq_</Filter>
    </ClInclude>
    <ClInclude Include="header\n223_move____\n223_100_move.hpp">
      <Filter>header\n223_move____</Filter>
    </ClInclude>
    <ClInclude Include="header\n223_move____\n223_105_utilMove.hpp">
      <Filter>header\n223_move____</Filter>
    </ClInclude>
    <ClInclude Include="header\n226_movStack\n226_105_utilMoveStack.hpp">
      <Filter>header\n226_movStack</Filter>
    </ClInclude>
    <ClInclude Include="header\n226_movStack\n226_100_moveStack.hpp">
      <Filter>header\n226_movStack</Filter>
    </ClInclude>
    <ClInclude Include="header\n223_move____\n223_200_depth.hpp">
      <Filter>header\n223_move____</Filter>
    </ClInclude>
    <ClInclude Include="header\n220_position\n220_400_position.hpp">
      <Filter>header\n220_position</Filter>
    </ClInclude>
    <ClInclude Include="header\n220_position\n220_600_evalList.hpp">
      <Filter>header\n220_position</Filter>
    </ClInclude>
    <ClInclude Include="header\n223_move____\n223_300_moveScore.hpp">
      <Filter>header\n223_move____</Filter>
    </ClInclude>
    <ClInclude Include="header\n240_tt______\n240_280_tTEntry.hpp">
      <Filter>header\n240_tt______</Filter>
    </ClInclude>
    <ClInclude Include="header\n240_tt______\n240_285_tTCluster.hpp">
      <Filter>header\n240_tt______</Filter>
    </ClInclude>
    <ClInclude Include="header\n240_tt______\n240_300_tt.hpp">
      <Filter>header\n240_tt______</Filter>
    </ClInclude>
    <ClInclude Include="header\n260_evaluate\n260_150_kppIndexArray.hpp">
      <Filter>header\n260_evaluate</Filter>
    </ClInclude>
    <ClInclude Include="header\n119_score___\n119_050_bound.hpp">
      <Filter>header\n119_score___</Filter>
    </ClInclude>
    <ClInclude Include="header\n119_score___\n119_055_utilBound.hpp">
      <Filter>header\n119_score___</Filter>
    </ClInclude>
    <ClInclude Include="header\n119_score___\n119_090_score.hpp">
      <Filter>header\n119_score___</Filter>
    </ClInclude>
    <ClInclude Include="header\n119_score___\n119_100_utilScore.hpp">
      <Filter>header\n119_score___</Filter>
    </ClInclude>
    <ClInclude Include="header\n119_score___\n119_200_pieceScore.hpp">
      <Filter>header\n119_score___</Filter>
    </ClInclude>
    <ClInclude Include="header\n160_board___\n160_050_configBits.hpp">
      <Filter>header\n160_board___</Filter>
    </ClInclude>
    <ClInclude Include="header\n160_board___\n160_600_bitboardAll.hpp">
      <Filter>header\n160_board___</Filter>
    </ClInclude>
    <ClInclude Include="header\n160_board___\n160_500_bitboardMask.hpp">
      <Filter>header\n160_board___</Filter>
    </ClInclude>
    <ClInclude Include="header\n160_board___\n160_400_printBb.hpp">
      <Filter>header\n160_board___</Filter>
    </ClInclude>
    <ClInclude Include="header\n160_board___\n160_240_betweenBb.hpp">
      <Filter>header\n160_board___</Filter>
    </ClInclude>
    <ClInclude Include="header\n160_board___\n160_200_horseAttackBb.hpp">
      <Filter>header\n160_board___</Filter>
    </ClInclude>
    <ClInclude Include="header\n160_board___\n160_210_dragonAttackBb.hpp">
      <Filter>header\n160_board___</Filter>
    </ClInclude>
    <ClInclude Include="header\n160_board___\n160_220_queenAttackBb.hpp">
      <Filter>header\n160_board___</Filter>
    </ClInclude>
    <ClInclude Include="header\n160_board___\n160_170_goldAndSilverAttackBb.hpp">
      <Filter>header\n160_board___</Filter>
    </ClInclude>
    <ClInclude Include="header\n160_board___\n160_180_knightAttackBb.hpp">
      <Filter>header\n160_board___</Filter>
    </ClInclude>
    <ClInclude Include="header\n160_board___\n160_190_pawnAttackBb.hpp">
      <Filter>header\n160_board___</Filter>
    </ClInclude>
    <ClInclude Include="header\n160_board___\n160_230_setMaskBb.hpp">
      <Filter>header\n160_board___</Filter>
    </ClInclude>
    <ClInclude Include="header\n160_board___\n160_160_kingAttackBb.hpp">
      <Filter>header\n160_board___</Filter>
    </ClInclude>
    <ClInclude Include="header\n160_board___\n160_110_silverAttackBb.hpp">
      <Filter>header\n160_board___</Filter>
    </ClInclude>
    <ClInclude Include="header\n160_board___\n160_120_bishopAttackBb.hpp">
      <Filter>header\n160_board___</Filter>
    </ClInclude>
    <ClInclude Include="header\n160_board___\n160_130_lanceAttackBb.hpp">
      <Filter>header\n160_board___</Filter>
    </ClInclude>
    <ClInclude Include="header\n160_board___\n160_140_goldAttackBb.hpp">
      <Filter>header\n160_board___</Filter>
    </ClInclude>
    <ClInclude Include="header\n160_board___\n160_150_rookAttackBb.hpp">
      <Filter>header\n160_board___</Filter>
    </ClInclude>
    <ClInclude Include="header\n160_board___\n160_260_squareDistance.hpp">
      <Filter>header\n160_board___</Filter>
    </ClInclude>
    <ClInclude Include="header\n160_board___\n160_250_squareRelation.hpp">
      <Filter>header\n160_board___</Filter>
    </ClInclude>
    <ClInclude Include="header\n160_board___\n160_450_FileMaskBb.hpp">
      <Filter>header\n160_board___</Filter>
    </ClInclude>
  </ItemGroup>
  <ItemGroup>
    <ClCompile Include="stdafx.cpp">
      <Filter>source</Filter>
    </ClCompile>
    <ClCompile Include="source\n280_move____\n280_150_movePicker.cpp">
      <Filter>source\n280_move____</Filter>
    </ClCompile>
    <ClCompile Include="source\n280_move____\n280_200_mt64bit.cpp">
      <Filter>source\n280_move____</Filter>
    </ClCompile>
    <ClCompile Include="source\n160_board___\n160_100_bitboard.cpp">
      <Filter>source\n160_board___</Filter>
    </ClCompile>
    <ClCompile Include="source\n400_usi_____\n400_300_benchmark.cpp">
      <Filter>source\n400_usi_____</Filter>
    </ClCompile>
    <ClCompile Include="source\n400_usi_____\n400_350_thread.cpp">
      <Filter>source\n400_usi_____</Filter>
    </ClCompile>
    <ClCompile Include="source\n400_usi_____\n400_260_usiOperation.cpp">
      <Filter>source\n400_usi_____</Filter>
    </ClCompile>
    <ClCompile Include="source\n360_egOption\n360_230_engineOptionable.cpp">
      <Filter>source\n360_egOption</Filter>
    </ClCompile>
    <ClCompile Include="source\n360_egOption\n360_240_engineOptionsMap.cpp">
      <Filter>source\n360_egOption</Filter>
    </ClCompile>
    <ClCompile Include="source\n360_egOption\n360_245_engineOption.cpp">
      <Filter>source\n360_egOption</Filter>
    </ClCompile>
    <ClCompile Include="source\n360_egOption\n360_300_engineOptionSetup.cpp">
      <Filter>source\n360_egOption</Filter>
    </ClCompile>
    <ClCompile Include="source\n270_timeMng_\n270_100_timeManager.cpp">
      <Filter>source\n270_timeMng_</Filter>
    </ClCompile>
    <ClCompile Include="source\n260_evaluate\n260_100_evaluate.cpp">
      <Filter>source\n260_evaluate</Filter>
    </ClCompile>
    <ClCompile Include="source\n080_common__\n080_100_common.cpp">
      <Filter>source\n080_common</Filter>
    </ClCompile>
    <ClCompile Include="source\n080_common__\n080_200_utilProgram.cpp">
      <Filter>source\n080_common</Filter>
    </ClCompile>
    <ClCompile Include="source\n900_main____\n900_500_main.cpp">
      <Filter>source\n900_main____</Filter>
    </ClCompile>
    <ClCompile Include="source\n900_main____\n900_400_main.cpp">
      <Filter>source\n900_main____</Filter>
    </ClCompile>
    <ClCompile Include="source\n080_common__\n080_105_time.cpp">
      <Filter>source\n080_common</Filter>
    </ClCompile>
    <ClCompile Include="source\n900_main____\n900_300_usiLoop.cpp">
      <Filter>source\n900_main____</Filter>
    </ClCompile>
    <ClCompile Include="source\n300_book____\n300_100_book.cpp">
      <Filter>source\n300_book____</Filter>
    </ClCompile>
    <ClCompile Include="source\n320_searcher\n320_150_search.cpp">
      <Filter>source\n320_searcher</Filter>
    </ClCompile>
    <ClCompile Include="source\n276_genMove_\n276_500_generateMoves.cpp">
      <Filter>source\n276_genMove_</Filter>
    </ClCompile>
    <ClCompile Include="source\n276_genMove_\n276_150_moveList.cpp">
      <Filter>source\n276_genMove_</Filter>
    </ClCompile>
    <ClCompile Include="source\n260_evaluate\n260_490_KppCacheIo.cpp">
      <Filter>source\n260_evaluate</Filter>
    </ClCompile>
    <ClCompile Include="source\n220_position\n220_500_charToPieceUSI.cpp">
      <Filter>source\n220_position</Filter>
    </ClCompile>
    <ClCompile Include="source\n110_square\n110_500_utilSquare.cpp">
      <Filter>source\n110_square___</Filter>
    </ClCompile>
    <ClCompile Include="source\n116_hand____\n116_500_hand.cpp">
      <Filter>source\n116_hand____</Filter>
    </ClCompile>
    <ClCompile Include="source\n111_colorSq_\n111_500_ColorFileRank.cpp">
      <Filter>source\n111_colorSq_</Filter>
    </ClCompile>
    <ClCompile Include="source\n220_position\n220_400_position.cpp">
      <Filter>source\n220_position</Filter>
    </ClCompile>
    <ClCompile Include="source\n223_move____\n223_100_move.cpp">
      <Filter>source\n223_move____</Filter>
    </ClCompile>
    <ClCompile Include="source\n220_position\n220_600_evalList.cpp">
      <Filter>source\n220_position</Filter>
    </ClCompile>
    <ClCompile Include="source\n223_move____\n223_300_MoveScore.cpp">
      <Filter>source\n223_move____</Filter>
    </ClCompile>
    <ClCompile Include="source\n240_tt______\n240_280_tTEntry.cpp">
      <Filter>source\n240_tt______</Filter>
    </ClCompile>
    <ClCompile Include="source\n240_tt______\n240_300_tt.cpp">
      <Filter>source\n240_tt______</Filter>
    </ClCompile>
    <ClCompile Include="source\n119_score___\n119_100_utilScore.cpp">
      <Filter>source\n119_score___</Filter>
    </ClCompile>
    <ClCompile Include="source\n119_score___\n119_200_pieceScore.cpp">
      <Filter>source\n119_score___</Filter>
    </ClCompile>
    <ClCompile Include="source\n160_board___\n160_050_configBits.cpp">
      <Filter>source\n160_board___</Filter>
    </ClCompile>
    <ClCompile Include="source\n160_board___\n160_400_printBb.cpp">
      <Filter>source\n160_board___</Filter>
    </ClCompile>
    <ClCompile Include="source\n160_board___\n160_240_betweenBb.cpp">
      <Filter>source\n160_board___</Filter>
    </ClCompile>
    <ClCompile Include="source\n160_board___\n160_200_horseAttackBb.cpp">
      <Filter>source\n160_board___</Filter>
    </ClCompile>
    <ClCompile Include="source\n160_board___\n160_210_dragonAttackBb.cpp">
      <Filter>source\n160_board___</Filter>
    </ClCompile>
    <ClCompile Include="source\n160_board___\n160_220_queenAttackBb.cpp">
      <Filter>source\n160_board___</Filter>
    </ClCompile>
    <ClCompile Include="source\n160_board___\n160_170_goldAndSilverAttackBb.cpp">
      <Filter>source\n160_board___</Filter>
    </ClCompile>
    <ClCompile Include="source\n160_board___\n160_180_knightAttackBb.cpp">
      <Filter>source\n160_board___</Filter>
    </ClCompile>
    <ClCompile Include="source\n160_board___\n160_190_pawnAttackBb.cpp">
      <Filter>source\n160_board___</Filter>
    </ClCompile>
    <ClCompile Include="source\n160_board___\n160_230_setMaskBb.cpp">
      <Filter>source\n160_board___</Filter>
    </ClCompile>
    <ClCompile Include="source\n160_board___\n160_160_kingAttackBb.cpp">
      <Filter>source\n160_board___</Filter>
    </ClCompile>
    <ClCompile Include="source\n160_board___\n160_110_silverAttackBb.cpp">
      <Filter>source\n160_board___</Filter>
    </ClCompile>
    <ClCompile Include="source\n160_board___\n160_120_bishopAttackBb.cpp">
      <Filter>source\n160_board___</Filter>
    </ClCompile>
    <ClCompile Include="source\n160_board___\n160_130_lanceAttackBb.cpp">
      <Filter>source\n160_board___</Filter>
    </ClCompile>
    <ClCompile Include="source\n160_board___\n160_140_goldAttackBb.cpp">
      <Filter>source\n160_board___</Filter>
    </ClCompile>
    <ClCompile Include="source\n160_board___\n160_150_rookAttackBb.cpp">
      <Filter>source\n160_board___</Filter>
    </ClCompile>
    <ClCompile Include="source\n160_board___\n160_260_squareDistance.cpp">
      <Filter>source\n160_board___</Filter>
    </ClCompile>
    <ClCompile Include="source\n160_board___\n160_250_squareRelation.cpp">
      <Filter>source\n160_board___</Filter>
    </ClCompile>
    <ClCompile Include="source\n160_board___\n160_450_FileMaskBb.cpp">
      <Filter>source\n160_board___</Filter>
    </ClCompile>
  </ItemGroup>
</Project>